// !$*UTF8*$!
{
	archiveVersion = 1;
	classes = {
	};
	objectVersion = 46;
	objects = {

/* Begin PBXBuildFile section */
		A2878C571E9F09B900C7A5D3 /* AppDelegate.swift in Sources */ = {isa = PBXBuildFile; fileRef = A2878C561E9F09B900C7A5D3 /* AppDelegate.swift */; };
		A2878C591E9F09B900C7A5D3 /* ViewController.swift in Sources */ = {isa = PBXBuildFile; fileRef = A2878C581E9F09B900C7A5D3 /* ViewController.swift */; };
		A2878C5C1E9F09B900C7A5D3 /* Main.storyboard in Resources */ = {isa = PBXBuildFile; fileRef = A2878C5A1E9F09B900C7A5D3 /* Main.storyboard */; };
		A2878C5E1E9F09B900C7A5D3 /* Assets.xcassets in Resources */ = {isa = PBXBuildFile; fileRef = A2878C5D1E9F09B900C7A5D3 /* Assets.xcassets */; };
		A2878C611E9F09B900C7A5D3 /* LaunchScreen.storyboard in Resources */ = {isa = PBXBuildFile; fileRef = A2878C5F1E9F09B900C7A5D3 /* LaunchScreen.storyboard */; };
		A2878C691E9F0B9800C7A5D3 /* CanvasViewController.swift in Sources */ = {isa = PBXBuildFile; fileRef = A2878C681E9F0B9800C7A5D3 /* CanvasViewController.swift */; };
/* End PBXBuildFile section */

/* Begin PBXFileReference section */
		A2878C531E9F09B900C7A5D3 /* Canvas.app */ = {isa = PBXFileReference; explicitFileType = wrapper.application; includeInIndex = 0; path = Canvas.app; sourceTree = BUILT_PRODUCTS_DIR; };
		A2878C561E9F09B900C7A5D3 /* AppDelegate.swift */ = {isa = PBXFileReference; lastKnownFileType = sourcecode.swift; path = AppDelegate.swift; sourceTree = "<group>"; };
		A2878C581E9F09B900C7A5D3 /* ViewController.swift */ = {isa = PBXFileReference; lastKnownFileType = sourcecode.swift; path = ViewController.swift; sourceTree = "<group>"; };
		A2878C5B1E9F09B900C7A5D3 /* Base */ = {isa = PBXFileReference; lastKnownFileType = file.storyboard; name = Base; path = Base.lproj/Main.storyboard; sourceTree = "<group>"; };
		A2878C5D1E9F09B900C7A5D3 /* Assets.xcassets */ = {isa = PBXFileReference; lastKnownFileType = folder.assetcatalog; path = Assets.xcassets; sourceTree = "<group>"; };
		A2878C601E9F09B900C7A5D3 /* Base */ = {isa = PBXFileReference; lastKnownFileType = file.storyboard; name = Base; path = Base.lproj/LaunchScreen.storyboard; sourceTree = "<group>"; };
		A2878C621E9F09B900C7A5D3 /* Info.plist */ = {isa = PBXFileReference; lastKnownFileType = text.plist.xml; path = Info.plist; sourceTree = "<group>"; };
		A2878C681E9F0B9800C7A5D3 /* CanvasViewController.swift */ = {isa = PBXFileReference; fileEncoding = 4; lastKnownFileType = sourcecode.swift; path = CanvasViewController.swift; sourceTree = "<group>"; };
/* End PBXFileReference section */

/* Begin PBXFrameworksBuildPhase section */
		A2878C501E9F09B800C7A5D3 /* Frameworks */ = {
			isa = PBXFrameworksBuildPhase;
			buildActionMask = 2147483647;
			files = (
			);
			runOnlyForDeploymentPostprocessing = 0;
		};
/* End PBXFrameworksBuildPhase section */

/* Begin PBXGroup section */
		A2878C4A1E9F09B800C7A5D3 = {
			isa = PBXGroup;
			children = (
				A2878C551E9F09B900C7A5D3 /* Canvas */,
				A2878C541E9F09B900C7A5D3 /* Products */,
			);
			sourceTree = "<group>";
		};
		A2878C541E9F09B900C7A5D3 /* Products */ = {
			isa = PBXGroup;
			children = (
				A2878C531E9F09B900C7A5D3 /* Canvas.app */,
			);
			name = Products;
			sourceTree = "<group>";
		};
		A2878C551E9F09B900C7A5D3 /* Canvas */ = {
			isa = PBXGroup;
			children = (
				A2878C561E9F09B900C7A5D3 /* AppDelegate.swift */,
				A2878C581E9F09B900C7A5D3 /* ViewController.swift */,
				A2878C5A1E9F09B900C7A5D3 /* Main.storyboard */,
				A2878C5D1E9F09B900C7A5D3 /* Assets.xcassets */,
				A2878C5F1E9F09B900C7A5D3 /* LaunchScreen.storyboard */,
				A2878C621E9F09B900C7A5D3 /* Info.plist */,
				A2878C681E9F0B9800C7A5D3 /* CanvasViewController.swift */,
			);
			path = Canvas;
			sourceTree = "<group>";
		};
/* End PBXGroup section */

/* Begin PBXNativeTarget section */
		A2878C521E9F09B800C7A5D3 /* Canvas */ = {
			isa = PBXNativeTarget;
			buildConfigurationList = A2878C651E9F09B900C7A5D3 /* Build configuration list for PBXNativeTarget "Canvas" */;
			buildPhases = (
				A2878C4F1E9F09B800C7A5D3 /* Sources */,
				A2878C501E9F09B800C7A5D3 /* Frameworks */,
				A2878C511E9F09B800C7A5D3 /* Resources */,
			);
			buildRules = (
			);
			dependencies = (
			);
			name = Canvas;
			productName = Canvas;
			productReference = A2878C531E9F09B900C7A5D3 /* Canvas.app */;
			productType = "com.apple.product-type.application";
		};
/* End PBXNativeTarget section */

/* Begin PBXProject section */
		A2878C4B1E9F09B800C7A5D3 /* Project object */ = {
			isa = PBXProject;
			attributes = {
				LastSwiftUpdateCheck = 0820;
				LastUpgradeCheck = 0820;
				ORGANIZATIONNAME = Codepath;
				TargetAttributes = {
					A2878C521E9F09B800C7A5D3 = {
						CreatedOnToolsVersion = 8.2.1;
						ProvisioningStyle = Automatic;
					};
				};
			};
			buildConfigurationList = A2878C4E1E9F09B800C7A5D3 /* Build configuration list for PBXProject "Canvas" */;
			compatibilityVersion = "Xcode 3.2";
			developmentRegion = English;
			hasScannedForEncodings = 0;
			knownRegions = (
				en,
				Base,
			);
			mainGroup = A2878C4A1E9F09B800C7A5D3;
			productRefGroup = A2878C541E9F09B900C7A5D3 /* Products */;
			projectDirPath = "";
			projectRoot = "";
			targets = (
				A2878C521E9F09B800C7A5D3 /* Canvas */,
			);
		};
/* End PBXProject section */

/* Begin PBXResourcesBuildPhase section */
		A2878C511E9F09B800C7A5D3 /* Resources */ = {
			isa = PBXResourcesBuildPhase;
			buildActionMask = 2147483647;
			files = (
				A2878C611E9F09B900C7A5D3 /* LaunchScreen.storyboard in Resources */,
				A2878C5E1E9F09B900C7A5D3 /* Assets.xcassets in Resources */,
				A2878C5C1E9F09B900C7A5D3 /* Main.storyboard in Resources */,
			);
			runOnlyForDeploymentPostprocessing = 0;
		};
/* End PBXResourcesBuildPhase section */

/* Begin PBXSourcesBuildPhase section */
		A2878C4F1E9F09B800C7A5D3 /* Sources */ = {
			isa = PBXSourcesBuildPhase;
			buildActionMask = 2147483647;
			files = (
				A2878C591E9F09B900C7A5D3 /* ViewController.swift in Sources */,
				A2878C691E9F0B9800C7A5D3 /* CanvasViewController.swift in Sources */,
				A2878C571E9F09B900C7A5D3 /* AppDelegate.swift in Sources */,
			);
			runOnlyForDeploymentPostprocessing = 0;
		};
/* End PBXSourcesBuildPhase section */

/* Begin PBXVariantGroup section */
		A2878C5A1E9F09B900C7A5D3 /* Main.storyboard */ = {
			isa = PBXVariantGroup;
			children = (
				A2878C5B1E9F09B900C7A5D3 /* Base */,
			);
			name = Main.storyboard;
			sourceTree = "<group>";
		};
		A2878C5F1E9F09B900C7A5D3 /* LaunchScreen.storyboard */ = {
			isa = PBXVariantGroup;
			children = (
				A2878C601E9F09B900C7A5D3 /* Base */,
			);
			name = LaunchScreen.storyboard;
			sourceTree = "<group>";
		};
/* End PBXVariantGroup section */

/* Begin XCBuildConfiguration section */
		A2878C631E9F09B900C7A5D3 /* Debug */ = {
			isa = XCBuildConfiguration;
			buildSettings = {
				ALWAYS_SEARCH_USER_PATHS = NO;
				CLANG_ANALYZER_NONNULL = YES;
				CLANG_CXX_LANGUAGE_STANDARD = "gnu++0x";
				CLANG_CXX_LIBRARY = "libc++";
				CLANG_ENABLE_MODULES = YES;
				CLANG_ENABLE_OBJC_ARC = YES;
				CLANG_WARN_BOOL_CONVERSION = YES;
				CLANG_WARN_CONSTANT_CONVERSION = YES;
				CLANG_WARN_DIRECT_OBJC_ISA_USAGE = YES_ERROR;
				CLANG_WARN_DOCUMENTATION_COMMENTS = YES;
				CLANG_WARN_EMPTY_BODY = YES;
				CLANG_WARN_ENUM_CONVERSION = YES;
				CLANG_WARN_INFINITE_RECURSION = YES;
				CLANG_WARN_INT_CONVERSION = YES;
				CLANG_WARN_OBJC_ROOT_CLASS = YES_ERROR;
				CLANG_WARN_SUSPICIOUS_MOVE = YES;
				CLANG_WARN_UNREACHABLE_CODE = YES;
				CLANG_WARN__DUPLICATE_METHOD_MATCH = YES;
				"CODE_SIGN_IDENTITY[sdk=iphoneos*]" = "iPhone Developer";
				COPY_PHASE_STRIP = NO;
				DEBUG_INFORMATION_FORMAT = dwarf;
				ENABLE_STRICT_OBJC_MSGSEND = YES;
				ENABLE_TESTABILITY = YES;
				GCC_C_LANGUAGE_STANDARD = gnu99;
				GCC_DYNAMIC_NO_PIC = NO;
				GCC_NO_COMMON_BLOCKS = YES;
				GCC_OPTIMIZATION_LEVEL = 0;
				GCC_PREPROCESSOR_DEFINITIONS = (
					"DEBUG=1",
					"$(inherited)",
				);
				GCC_WARN_64_TO_32_BIT_CONVERSION = YES;
				GCC_WARN_ABOUT_RETURN_TYPE = YES_ERROR;
				GCC_WARN_UNDECLARED_SELECTOR = YES;
				GCC_WARN_UNINITIALIZED_AUTOS = YES_AGGRESSIVE;
				GCC_WARN_UNUSED_FUNCTION = YES;
				GCC_WARN_UNUSED_VARIABLE = YES;
				IPHONEOS_DEPLOYMENT_TARGET = 10.2;
				MTL_ENABLE_DEBUG_INFO = YES;
				ONLY_ACTIVE_ARCH = YES;
				SDKROOT = iphoneos;
				SWIFT_ACTIVE_COMPILATION_CONDITIONS = DEBUG;
				SWIFT_OPTIMIZATION_LEVEL = "-Onone";
				TARGETED_DEVICE_FAMILY = "1,2";
			};
			name = Debug;
		};
		A2878C641E9F09B900C7A5D3 /* Release */ = {
			isa = XCBuildConfiguration;
			buildSettings = {
				ALWAYS_SEARCH_USER_PATHS = NO;
				CLANG_ANALYZER_NONNULL = YES;
				CLANG_CXX_LANGUAGE_STANDARD = "gnu++0x";
				CLANG_CXX_LIBRARY = "libc++";
				CLANG_ENABLE_MODULES = YES;
				CLANG_ENABLE_OBJC_ARC = YES;
				CLANG_WARN_BOOL_CONVERSION = YES;
				CLANG_WARN_CONSTANT_CONVERSION = YES;
				CLANG_WARN_DIRECT_OBJC_ISA_USAGE = YES_ERROR;
				CLANG_WARN_DOCUMENTATION_COMMENTS = YES;
				CLANG_WARN_EMPTY_BODY = YES;
				CLANG_WARN_ENUM_CONVERSION = YES;
				CLANG_WARN_INFINITE_RECURSION = YES;
				CLANG_WARN_INT_CONVERSION = YES;
				CLANG_WARN_OBJC_ROOT_CLASS = YES_ERROR;
				CLANG_WARN_SUSPICIOUS_MOVE = YES;
				CLANG_WARN_UNREACHABLE_CODE = YES;
				CLANG_WARN__DUPLICATE_METHOD_MATCH = YES;
				"CODE_SIGN_IDENTITY[sdk=iphoneos*]" = "iPhone Developer";
				COPY_PHASE_STRIP = NO;
				DEBUG_INFORMATION_FORMAT = "dwarf-with-dsym";
				ENABLE_NS_ASSERTIONS = NO;
				ENABLE_STRICT_OBJC_MSGSEND = YES;
				GCC_C_LANGUAGE_STANDARD = gnu99;
				GCC_NO_COMMON_BLOCKS = YES;
				GCC_WARN_64_TO_32_BIT_CONVERSION = YES;
				GCC_WARN_ABOUT_RETURN_TYPE = YES_ERROR;
				GCC_WARN_UNDECLARED_SELECTOR = YES;
				GCC_WARN_UNINITIALIZED_AUTOS = YES_AGGRESSIVE;
				GCC_WARN_UNUSED_FUNCTION = YES;
				GCC_WARN_UNUSED_VARIABLE = YES;
				IPHONEOS_DEPLOYMENT_TARGET = 10.2;
				MTL_ENABLE_DEBUG_INFO = NO;
				SDKROOT = iphoneos;
				SWIFT_OPTIMIZATION_LEVEL = "-Owholemodule";
				TARGETED_DEVICE_FAMILY = "1,2";
				VALIDATE_PRODUCT = YES;
			};
			name = Release;
		};
		A2878C661E9F09B900C7A5D3 /* Debug */ = {
			isa = XCBuildConfiguration;
			buildSettings = {
				ASSETCATALOG_COMPILER_APPICON_NAME = AppIcon;
				INFOPLIST_FILE = Canvas/Info.plist;
				LD_RUNPATH_SEARCH_PATHS = "$(inherited) @executable_path/Frameworks";
				PRODUCT_BUNDLE_IDENTIFIER = com.codepath.Canvas;
				PRODUCT_NAME = "$(TARGET_NAME)";
				SWIFT_VERSION = 3.0;
			};
			name = Debug;
		};
		A2878C671E9F09B900C7A5D3 /* Release */ = {
			isa = XCBuildConfiguration;
			buildSettings = {
				ASSETCATALOG_COMPILER_APPICON_NAME = AppIcon;
				INFOPLIST_FILE = Canvas/Info.plist;
				LD_RUNPATH_SEARCH_PATHS = "$(inherited) @executable_path/Frameworks";
				PRODUCT_BUNDLE_IDENTIFIER = com.codepath.Canvas;
				PRODUCT_NAME = "$(TARGET_NAME)";
				SWIFT_VERSION = 3.0;
			};
			name = Release;
		};
/* End XCBuildConfiguration section */

/* Begin XCConfigurationList section */
		A2878C4E1E9F09B800C7A5D3 /* Build configuration list for PBXProject "Canvas" */ = {
			isa = XCConfigurationList;
			buildConfigurations = (
				A2878C631E9F09B900C7A5D3 /* Debug */,
				A2878C641E9F09B900C7A5D3 /* Release */,
			);
			defaultConfigurationIsVisible = 0;
			defaultConfigurationName = Release;
		};
		A2878C651E9F09B900C7A5D3 /* Build configuration list for PBXNativeTarget "Canvas" */ = {
			isa = XCConfigurationList;
			buildConfigurations = (
				A2878C661E9F09B900C7A5D3 /* Debug */,
				A2878C671E9F09B900C7A5D3 /* Release */,
			);
			defaultConfigurationIsVisible = 0;
		};
/* End XCConfigurationList section */
	};
	rootObject = A2878C4B1E9F09B800C7A5D3 /* Project object */;
}
